{
  "name": "GRII_SOLO",
  "lockfileVersion": 2,
  "requires": true,
  "packages": {
    "": {
      "dependencies": {
        "@fontsource/montserrat": "^5.0.2"
      }
    },
    "node_modules/@fontsource/montserrat": {
      "version": "5.0.2",
      "resolved": "https://registry.npmjs.org/@fontsource/montserrat/-/montserrat-5.0.2.tgz",
      "integrity": "sha512-pU5i2L3j1zWHmCxspsmgV46X+HE7XaT2rbpnsmYpmS8lSuSyiZhuwCzjU4To2+P3dxZj9WrJ9TcU26UcU8fhfg=="
    }
  },
  "dependencies": {
    "@fontsource/montserrat": {
      "version": "5.0.2",
      "resolved": "https://registry.npmjs.org/@fontsource/montserrat/-/montserrat-5.0.2.tgz",
      "integrity": "sha512-pU5i2L3j1zWHmCxspsmgV46X+HE7XaT2rbpnsmYpmS8lSuSyiZhuwCzjU4To2+P3dxZj9WrJ9TcU26UcU8fhfg=="
    }
  }
}
